// !$*UTF8*$!
{
	archiveVersion = 1;
	classes = {
	};
	objectVersion = 50;
	objects = {

/* Begin PBXBuildFile section */
		B4DC10C4232EBBCF006AF819 /* AppDelegate.swift in Sources */ = {isa = PBXBuildFile; fileRef = B4DC10C3232EBBCF006AF819 /* AppDelegate.swift */; };
		B4DC10C6232EBBCF006AF819 /* ViewController.swift in Sources */ = {isa = PBXBuildFile; fileRef = B4DC10C5232EBBCF006AF819 /* ViewController.swift */; };
		B4DC10C9232EBBCF006AF819 /* Main.storyboard in Resources */ = {isa = PBXBuildFile; fileRef = B4DC10C7232EBBCF006AF819 /* Main.storyboard */; };
		B4DC10CB232EBBD1006AF819 /* Assets.xcassets in Resources */ = {isa = PBXBuildFile; fileRef = B4DC10CA232EBBD1006AF819 /* Assets.xcassets */; };
		B4DC10CE232EBBD1006AF819 /* LaunchScreen.storyboard in Resources */ = {isa = PBXBuildFile; fileRef = B4DC10CC232EBBD1006AF819 /* LaunchScreen.storyboard */; };
		B4DC1112232ECE60006AF819 /* StyleKit.swift in Sources */ = {isa = PBXBuildFile; fileRef = B4DC1111232ECE60006AF819 /* StyleKit.swift */; };
		B4DC1114232ECE74006AF819 /* MyView.swift in Sources */ = {isa = PBXBuildFile; fileRef = B4DC1113232ECE74006AF819 /* MyView.swift */; };
		B4DC1116232ED164006AF819 /* ButtonCheck.swift in Sources */ = {isa = PBXBuildFile; fileRef = B4DC1115232ED164006AF819 /* ButtonCheck.swift */; };
/* End PBXBuildFile section */

/* Begin PBXFileReference section */
		B4DC10C0232EBBCF006AF819 /* SM.app */ = {isa = PBXFileReference; explicitFileType = wrapper.application; includeInIndex = 0; path = SM.app; sourceTree = BUILT_PRODUCTS_DIR; };
		B4DC10C3232EBBCF006AF819 /* AppDelegate.swift */ = {isa = PBXFileReference; lastKnownFileType = sourcecode.swift; path = AppDelegate.swift; sourceTree = "<group>"; };
		B4DC10C5232EBBCF006AF819 /* ViewController.swift */ = {isa = PBXFileReference; lastKnownFileType = sourcecode.swift; path = ViewController.swift; sourceTree = "<group>"; };
		B4DC10C8232EBBCF006AF819 /* Base */ = {isa = PBXFileReference; lastKnownFileType = file.storyboard; name = Base; path = Base.lproj/Main.storyboard; sourceTree = "<group>"; };
		B4DC10CA232EBBD1006AF819 /* Assets.xcassets */ = {isa = PBXFileReference; lastKnownFileType = folder.assetcatalog; path = Assets.xcassets; sourceTree = "<group>"; };
		B4DC10CD232EBBD1006AF819 /* Base */ = {isa = PBXFileReference; lastKnownFileType = file.storyboard; name = Base; path = Base.lproj/LaunchScreen.storyboard; sourceTree = "<group>"; };
		B4DC10CF232EBBD1006AF819 /* Info.plist */ = {isa = PBXFileReference; lastKnownFileType = text.plist.xml; path = Info.plist; sourceTree = "<group>"; };
		B4DC1111232ECE60006AF819 /* StyleKit.swift */ = {isa = PBXFileReference; fileEncoding = 4; lastKnownFileType = sourcecode.swift; name = StyleKit.swift; path = ../../../Downloads/StyleKit.swift; sourceTree = "<group>"; };
		B4DC1113232ECE74006AF819 /* MyView.swift */ = {isa = PBXFileReference; lastKnownFileType = sourcecode.swift; path = MyView.swift; sourceTree = "<group>"; };
		B4DC1115232ED164006AF819 /* ButtonCheck.swift */ = {isa = PBXFileReference; fileEncoding = 4; lastKnownFileType = sourcecode.swift; name = ButtonCheck.swift; path = ../../../Documents/ButtonCheck.swift; sourceTree = "<group>"; };
/* End PBXFileReference section */

/* Begin PBXFrameworksBuildPhase section */
		B4DC10BD232EBBCF006AF819 /* Frameworks */ = {
			isa = PBXFrameworksBuildPhase;
			buildActionMask = 2147483647;
			files = (
			);
			runOnlyForDeploymentPostprocessing = 0;
		};
/* End PBXFrameworksBuildPhase section */

/* Begin PBXGroup section */
		B4DC10B7232EBBCF006AF819 = {
			isa = PBXGroup;
			children = (
				B4DC10C2232EBBCF006AF819 /* SM */,
				B4DC10C1232EBBCF006AF819 /* Products */,
			);
			sourceTree = "<group>";
		};
		B4DC10C1232EBBCF006AF819 /* Products */ = {
			isa = PBXGroup;
			children = (
				B4DC10C0232EBBCF006AF819 /* SM.app */,
			);
			name = Products;
			sourceTree = "<group>";
		};
		B4DC10C2232EBBCF006AF819 /* SM */ = {
			isa = PBXGroup;
			children = (
				B4DC1111232ECE60006AF819 /* StyleKit.swift */,
				B4DC1113232ECE74006AF819 /* MyView.swift */,
				B4DC10C3232EBBCF006AF819 /* AppDelegate.swift */,
				B4DC10C5232EBBCF006AF819 /* ViewController.swift */,
				B4DC10C7232EBBCF006AF819 /* Main.storyboard */,
				B4DC1115232ED164006AF819 /* ButtonCheck.swift */,
				B4DC10CA232EBBD1006AF819 /* Assets.xcassets */,
				B4DC10CC232EBBD1006AF819 /* LaunchScreen.storyboard */,
				B4DC10CF232EBBD1006AF819 /* Info.plist */,
			);
			path = SM;
			sourceTree = "<group>";
		};
/* End PBXGroup section */

/* Begin PBXNativeTarget section */
		B4DC10BF232EBBCF006AF819 /* SM */ = {
			isa = PBXNativeTarget;
			buildConfigurationList = B4DC10D2232EBBD1006AF819 /* Build configuration list for PBXNativeTarget "SM" */;
			buildPhases = (
				B4DC10BC232EBBCF006AF819 /* Sources */,
				B4DC10BD232EBBCF006AF819 /* Frameworks */,
				B4DC10BE232EBBCF006AF819 /* Resources */,
			);
			buildRules = (
			);
			dependencies = (
			);
			name = SM;
			productName = SM;
			productReference = B4DC10C0232EBBCF006AF819 /* SM.app */;
			productType = "com.apple.product-type.application";
		};
/* End PBXNativeTarget section */

/* Begin PBXProject section */
		B4DC10B8232EBBCF006AF819 /* Project object */ = {
			isa = PBXProject;
			attributes = {
				LastSwiftUpdateCheck = 1010;
				LastUpgradeCheck = 1010;
				ORGANIZATIONNAME = Paw.toporkov;
				TargetAttributes = {
					B4DC10BF232EBBCF006AF819 = {
						CreatedOnToolsVersion = 10.1;
					};
				};
			};
			buildConfigurationList = B4DC10BB232EBBCF006AF819 /* Build configuration list for PBXProject "SM" */;
			compatibilityVersion = "Xcode 9.3";
			developmentRegion = en;
			hasScannedForEncodings = 0;
			knownRegions = (
				en,
				Base,
			);
			mainGroup = B4DC10B7232EBBCF006AF819;
			productRefGroup = B4DC10C1232EBBCF006AF819 /* Products */;
			projectDirPath = "";
			projectRoot = "";
			targets = (
				B4DC10BF232EBBCF006AF819 /* SM */,
			);
		};
/* End PBXProject section */

/* Begin PBXResourcesBuildPhase section */
		B4DC10BE232EBBCF006AF819 /* Resources */ = {
			isa = PBXResourcesBuildPhase;
			buildActionMask = 2147483647;
			files = (
				B4DC10CE232EBBD1006AF819 /* LaunchScreen.storyboard in Resources */,
				B4DC10CB232EBBD1006AF819 /* Assets.xcassets in Resources */,
				B4DC10C9232EBBCF006AF819 /* Main.storyboard in Resources */,
			);
			runOnlyForDeploymentPostprocessing = 0;
		};
/* End PBXResourcesBuildPhase section */

/* Begin PBXSourcesBuildPhase section */
		B4DC10BC232EBBCF006AF819 /* Sources */ = {
			isa = PBXSourcesBuildPhase;
			buildActionMask = 2147483647;
			files = (
				B4DC1116232ED164006AF819 /* ButtonCheck.swift in Sources */,
				B4DC1114232ECE74006AF819 /* MyView.swift in Sources */,
				B4DC1112232ECE60006AF819 /* StyleKit.swift in Sources */,
				B4DC10C6232EBBCF006AF819 /* ViewController.swift in Sources */,
				B4DC10C4232EBBCF006AF819 /* AppDelegate.swift in Sources */,
			);
			runOnlyForDeploymentPostprocessing = 0;
		};
/* End PBXSourcesBuildPhase section */

/* Begin PBXVariantGroup section */
		B4DC10C7232EBBCF006AF819 /* Main.storyboard */ = {
			isa = PBXVariantGroup;
			children = (
				B4DC10C8232EBBCF006AF819 /* Base */,
			);
			name = Main.storyboard;
			sourceTree = "<group>";
		};
		B4DC10CC232EBBD1006AF819 /* LaunchScreen.storyboard */ = {
			isa = PBXVariantGroup;
			children = (
				B4DC10CD232EBBD1006AF819 /* Base */,
			);
			name = LaunchScreen.storyboard;
			sourceTree = "<group>";
		};
/* End PBXVariantGroup section */

/* Begin XCBuildConfiguration section */
		B4DC10D0232EBBD1006AF819 /* Debug */ = {
			isa = XCBuildConfiguration;
			buildSettings = {
				ALWAYS_SEARCH_USER_PATHS = NO;
				CLANG_ANALYZER_NONNULL = YES;
				CLANG_ANALYZER_NUMBER_OBJECT_CONVERSION = YES_AGGRESSIVE;
				CLANG_CXX_LANGUAGE_STANDARD = "gnu++14";
				CLANG_CXX_LIBRARY = "libc++";
				CLANG_ENABLE_MODULES = YES;
				CLANG_ENABLE_OBJC_ARC = YES;
				CLANG_ENABLE_OBJC_WEAK = YES;
				CLANG_WARN_BLOCK_CAPTURE_AUTORELEASING = YES;
				CLANG_WARN_BOOL_CONVERSION = YES;
				CLANG_WARN_COMMA = YES;
				CLANG_WARN_CONSTANT_CONVERSION = YES;
				CLANG_WARN_DEPRECATED_OBJC_IMPLEMENTATIONS = YES;
				CLANG_WARN_DIRECT_OBJC_ISA_USAGE = YES_ERROR;
				CLANG_WARN_DOCUMENTATION_COMMENTS = YES;
				CLANG_WARN_EMPTY_BODY = YES;
				CLANG_WARN_ENUM_CONVERSION = YES;
				CLANG_WARN_INFINITE_RECURSION = YES;
				CLANG_WARN_INT_CONVERSION = YES;
				CLANG_WARN_NON_LITERAL_NULL_CONVERSION = YES;
				CLANG_WARN_OBJC_IMPLICIT_RETAIN_SELF = YES;
				CLANG_WARN_OBJC_LITERAL_CONVERSION = YES;
				CLANG_WARN_OBJC_ROOT_CLASS = YES_ERROR;
				CLANG_WARN_RANGE_LOOP_ANALYSIS = YES;
				CLANG_WARN_STRICT_PROTOTYPES = YES;
				CLANG_WARN_SUSPICIOUS_MOVE = YES;
				CLANG_WARN_UNGUARDED_AVAILABILITY = YES_AGGRESSIVE;
				CLANG_WARN_UNREACHABLE_CODE = YES;
				CLANG_WARN__DUPLICATE_METHOD_MATCH = YES;
				CODE_SIGN_IDENTITY = "iPhone Developer";
				COPY_PHASE_STRIP = NO;
				DEBUG_INFORMATION_FORMAT = dwarf;
				ENABLE_STRICT_OBJC_MSGSEND = YES;
				ENABLE_TESTABILITY = YES;
				GCC_C_LANGUAGE_STANDARD = gnu11;
				GCC_DYNAMIC_NO_PIC = NO;
				GCC_NO_COMMON_BLOCKS = YES;
				GCC_OPTIMIZATION_LEVEL = 0;
				GCC_PREPROCESSOR_DEFINITIONS = (
					"DEBUG=1",
					"$(inherited)",
				);
				GCC_WARN_64_TO_32_BIT_CONVERSION = YES;
				GCC_WARN_ABOUT_RETURN_TYPE = YES_ERROR;
				GCC_WARN_UNDECLARED_SELECTOR = YES;
				GCC_WARN_UNINITIALIZED_AUTOS = YES_AGGRESSIVE;
				GCC_WARN_UNUSED_FUNCTION = YES;
				GCC_WARN_UNUSED_VARIABLE = YES;
				IPHONEOS_DEPLOYMENT_TARGET = 12.1;
				MTL_ENABLE_DEBUG_INFO = INCLUDE_SOURCE;
				MTL_FAST_MATH = YES;
				ONLY_ACTIVE_ARCH = YES;
				SDKROOT = iphoneos;
				SWIFT_ACTIVE_COMPILATION_CONDITIONS = DEBUG;
				SWIFT_OPTIMIZATION_LEVEL = "-Onone";
			};
			name = Debug;
		};
		B4DC10D1232EBBD1006AF819 /* Release */ = {
			isa = XCBuildConfiguration;
			buildSettings = {
				ALWAYS_SEARCH_USER_PATHS = NO;
				CLANG_ANALYZER_NONNULL = YES;
				CLANG_ANALYZER_NUMBER_OBJECT_CONVERSION = YES_AGGRESSIVE;
				CLANG_CXX_LANGUAGE_STANDARD = "gnu++14";
				CLANG_CXX_LIBRARY = "libc++";
				CLANG_ENABLE_MODULES = YES;
				CLANG_ENABLE_OBJC_ARC = YES;
				CLANG_ENABLE_OBJC_WEAK = YES;
				CLANG_WARN_BLOCK_CAPTURE_AUTORELEASING = YES;
				CLANG_WARN_BOOL_CONVERSION = YES;
				CLANG_WARN_COMMA = YES;
				CLANG_WARN_CONSTANT_CONVERSION = YES;
				CLANG_WARN_DEPRECATED_OBJC_IMPLEMENTATIONS = YES;
				CLANG_WARN_DIRECT_OBJC_ISA_USAGE = YES_ERROR;
				CLANG_WARN_DOCUMENTATION_COMMENTS = YES;
				CLANG_WARN_EMPTY_BODY = YES;
				CLANG_WARN_ENUM_CONVERSION = YES;
				CLANG_WARN_INFINITE_RECURSION = YES;
				CLANG_WARN_INT_CONVERSION = YES;
				CLANG_WARN_NON_LITERAL_NULL_CONVERSION = YES;
				CLANG_WARN_OBJC_IMPLICIT_RETAIN_SELF = YES;
				CLANG_WARN_OBJC_LITERAL_CONVERSION = YES;
				CLANG_WARN_OBJC_ROOT_CLASS = YES_ERROR;
				CLANG_WARN_RANGE_LOOP_ANALYSIS = YES;
				CLANG_WARN_STRICT_PROTOTYPES = YES;
				CLANG_WARN_SUSPICIOUS_MOVE = YES;
				CLANG_WARN_UNGUARDED_AVAILABILITY = YES_AGGRESSIVE;
				CLANG_WARN_UNREACHABLE_CODE = YES;
				CLANG_WARN__DUPLICATE_METHOD_MATCH = YES;
				CODE_SIGN_IDENTITY = "iPhone Developer";
				COPY_PHASE_STRIP = NO;
				DEBUG_INFORMATION_FORMAT = "dwarf-with-dsym";
				ENABLE_NS_ASSERTIONS = NO;
				ENABLE_STRICT_OBJC_MSGSEND = YES;
				GCC_C_LANGUAGE_STANDARD = gnu11;
				GCC_NO_COMMON_BLOCKS = YES;
				GCC_WARN_64_TO_32_BIT_CONVERSION = YES;
				GCC_WARN_ABOUT_RETURN_TYPE = YES_ERROR;
				GCC_WARN_UNDECLARED_SELECTOR = YES;
				GCC_WARN_UNINITIALIZED_AUTOS = YES_AGGRESSIVE;
				GCC_WARN_UNUSED_FUNCTION = YES;
				GCC_WARN_UNUSED_VARIABLE = YES;
				IPHONEOS_DEPLOYMENT_TARGET = 12.1;
				MTL_ENABLE_DEBUG_INFO = NO;
				MTL_FAST_MATH = YES;
				SDKROOT = iphoneos;
				SWIFT_COMPILATION_MODE = wholemodule;
				SWIFT_OPTIMIZATION_LEVEL = "-O";
				VALIDATE_PRODUCT = YES;
			};
			name = Release;
		};
		B4DC10D3232EBBD1006AF819 /* Debug */ = {
			isa = XCBuildConfiguration;
			buildSettings = {
				ASSETCATALOG_COMPILER_APPICON_NAME = AppIcon;
				CODE_SIGN_STYLE = Manual;
				DEVELOPMENT_TEAM = "";
				INFOPLIST_FILE = SM/Info.plist;
				LD_RUNPATH_SEARCH_PATHS = (
					"$(inherited)",
					"@executable_path/Frameworks",
				);
				PRODUCT_BUNDLE_IDENTIFIER = rsg.uio;
				PRODUCT_NAME = "$(TARGET_NAME)";
				PROVISIONING_PROFILE_SPECIFIER = "";
				SWIFT_VERSION = 4.2;
				TARGETED_DEVICE_FAMILY = "1,2";
			};
			name = Debug;
		};
		B4DC10D4232EBBD1006AF819 /* Release */ = {
			isa = XCBuildConfiguration;
			buildSettings = {
				ASSETCATALOG_COMPILER_APPICON_NAME = AppIcon;
				CODE_SIGN_STYLE = Manual;
				DEVELOPMENT_TEAM = "";
				INFOPLIST_FILE = SM/Info.plist;
				LD_RUNPATH_SEARCH_PATHS = (
					"$(inherited)",
					"@executable_path/Frameworks",
				);
				PRODUCT_BUNDLE_IDENTIFIER = rsg.uio;
				PRODUCT_NAME = "$(TARGET_NAME)";
				PROVISIONING_PROFILE_SPECIFIER = "";
				SWIFT_VERSION = 4.2;
				TARGETED_DEVICE_FAMILY = "1,2";
			};
			name = Release;
		};
/* End XCBuildConfiguration section */

/* Begin XCConfigurationList section */
		B4DC10BB232EBBCF006AF819 /* Build configuration list for PBXProject "SM" */ = {
			isa = XCConfigurationList;
			buildConfigurations = (
				B4DC10D0232EBBD1006AF819 /* Debug */,
				B4DC10D1232EBBD1006AF819 /* Release */,
			);
			defaultConfigurationIsVisible = 0;
			defaultConfigurationName = Release;
		};
		B4DC10D2232EBBD1006AF819 /* Build configuration list for PBXNativeTarget "SM" */ = {
			isa = XCConfigurationList;
			buildConfigurations = (
				B4DC10D3232EBBD1006AF819 /* Debug */,
				B4DC10D4232EBBD1006AF819 /* Release */,
			);
			defaultConfigurationIsVisible = 0;
			defaultConfigurationName = Release;
		};
/* End XCConfigurationList section */
	};
	rootObject = B4DC10B8232EBBCF006AF819 /* Project object */;
}
